
Microsoft Visual Studio Solution File, Format Version 12.00
# Visual Studio 2012
Project("{FAE04EC0-301F-11D3-BF4B-00C04F79EFBC}") = "Task 5 - Darts", "Task 5 - Darts\Task 5 - Darts.csproj", "{471E29C4-F85F-43F3-BF96-78B7AB90C3FC}"
EndProject
Global
	GlobalSection(SolutionConfigurationPlatforms) = preSolution
		Debug|Any CPU = Debug|Any CPU
		Release|Any CPU = Release|Any CPU
	EndGlobalSection
	GlobalSection(ProjectConfigurationPlatforms) = postSolution
		{471E29C4-F85F-43F3-BF96-78B7AB90C3FC}.Debug|Any CPU.ActiveCfg = Debug|Any CPU
		{471E29C4-F85F-43F3-BF96-78B7AB90C3FC}.Debug|Any CPU.Build.0 = Debug|Any CPU
		{471E29C4-F85F-43F3-BF96-78B7AB90C3FC}.Release|Any CPU.ActiveCfg = Release|Any CPU
		{471E29C4-F85F-43F3-BF96-78B7AB90C3FC}.Release|Any CPU.Build.0 = Release|Any CPU
	EndGlobalSection
	GlobalSection(SolutionProperties) = preSolution
		HideSolutionNode = FALSE
	EndGlobalSection
EndGlobal
